{
    "_meta": {
        "hash": {
            "sha256": "814ba3000f046791b847c11c0fecc8963dab7a52f8d01df1c88231c3c48182df"
        },
        "pipfile-spec": 6,
        "requires": {},
        "sources": [
            {
                "name": "pypi",
                "url": "https://pypi.python.org/simple",
                "verify_ssl": true
            }
        ]
    },
    "default": {
        "cachetools": {
            "hashes": [
                "sha256:715a7202240dc20dbe83abdb2d804d543e2d4f07af146f53c82166bd75f3a628",
                "sha256:cc4cb596b399c292a37ffdfdc713463da4feb81e18ca663e1ba2f89436cae0c1"
            ],
            "index": "pypi",
            "version": "==2.0.0"
        },
        "certifi": {
            "hashes": [
                "sha256:40523d2efb60523e113b44602298f0960e900388cf3bb6043f645cf57ea9e3f5",
                "sha256:54a07c09c586b0e4c619f02a5e94e36619da8e2b053e20f594348c0611803704"
            ],
            "index": "pypi",
            "version": "==2017.7.27.1"
        },
        "chardet": {
            "hashes": [
                "sha256:84ab92ed1c4d4f16916e05906b6b75a6c0fb5db821cc65e70cbd64a3e2a5eaae",
                "sha256:fc323ffcaeaed0e0a02bf4d117757b98aed530d9ed4531e3e15460124c106691"
            ],
            "index": "pypi",
            "version": "==3.0.4"
        },
        "click": {
            "hashes": [
                "sha256:29f99fc6125fbc931b758dc053b3114e55c77a6e4c6c3a2674a2dc986016381d",
                "sha256:f15516df478d5a56180fbf80e68f206010e6d160fc39fa508b65e035fd75130b"
            ],
            "index": "pypi",
            "version": "==6.7"
        },
        "diskcache": {
            "hashes": [
                "sha256:077944aa7d5178511af013686b7db0ff29c4e40e0945939d3548810779e3be79",
                "sha256:e7bbbdff3f31bbbda0dffd4c9670e33919b0f069585e48b5b7c6d6c8acdc3a68"
            ],
            "index": "pypi",
            "version": "==3.0.1"
        },
        "feedparser": {
            "hashes": [
                "sha256:bd030652c2d08532c034c27fcd7c85868e7fa3cb2b17f230a44a6bbc92519bf9",
                "sha256:cd2485472e41471632ed3029d44033ee420ad0b57111db95c240c9160a85831c",
                "sha256:ce875495c90ebd74b179855449040003a1beb40cd13d5f037a0654251e260b02"
            ],
            "index": "pypi",
            "version": "==5.2.1"
        },
        "flask": {
            "hashes": [
                "sha256:0749df235e3ff61ac108f69ac178c9770caeaccad2509cb762ce1f65570a8856",
                "sha256:49f44461237b69ecd901cc7ce66feea0319b9158743dd27a2899962ab214dac1"
            ],
            "index": "pypi",
            "version": "==0.12.2"
        },
        "futures": {
            "hashes": [
                "sha256:49b3f5b064b6e3afc3316421a3f25f66c137ae88f068abbf72830170033c5e16",
                "sha256:7e033af76a5e35f58e56da7a91e687706faf4e7bdfb2cbc3f2cca6b9bcda9794"
            ],
            "version": "==3.3.0"
        },
        "google-auth": {
            "hashes": [
                "sha256:61bc0b260b0e7077498c74f0026a32871b433ef49476fd403d8753385d9cd66d",
                "sha256:bd9f242370496f71fd307d50f66974e36b28f10bfd3437421689ba54d8c6c980"
            ],
            "index": "pypi",
            "version": "==1.0.2"
        },
        "google-cloud-core": {
            "hashes": [
                "sha256:3bc807b6c7e8632f8fe615309a80524097e51092bdb93e28f4ba26fafe792c75",
                "sha256:fb2f73e988216a25188035295c8151973251bff8c7e2ecdf3f63c2e5c7f52537"
            ],
            "index": "pypi",
            "version": "==0.26.0"
        },
        "google-cloud-translate": {
            "hashes": [
                "sha256:1e3138e30cd5299707d44c13434c349a30a47e957029b9c125357f85a8809506",
                "sha256:a1a1f5ede9c06cfc9064af00f15ec104e1a13159aa4760df500cfe58ad652360"
            ],
            "index": "pypi",
            "version": "==1.1.0"
        },
        "googleapis-common-protos": {
            "hashes": [
                "sha256:f94cc66efba677a086b8b17b1240239433495b77631cd410f70151a8ff14435d"
            ],
            "index": "pypi",
            "version": "==1.5.2"
        },
        "gunicorn": {
            "hashes": [
                "sha256:75af03c99389535f218cc596c7de74df4763803f7b63eb09d77e92b3956b36c6",
                "sha256:eee1169f0ca667be05db3351a0960765620dad53f53434262ff8901b68a1b622"
            ],
            "index": "pypi",
            "version": "==19.7.1"
        },
        "idna": {
            "hashes": [
                "sha256:3cb5ce08046c4e3a560fc02f138d0ac63e00f8ce5901a56b32ec8b7994082aab",
                "sha256:cc19709fd6d0cbfed39ea875d29ba6d4e22c0cebc510a76d6302a28385e8bb70"
            ],
            "index": "pypi",
            "version": "==2.5"
        },
        "itsdangerous": {
            "hashes": [
                "sha256:cbb3fcf8d3e33df861709ecaf89d9e6629cff0a217bc2848f1b41cd30d360519"
            ],
            "index": "pypi",
            "version": "==0.24"
        },
        "jinja2": {
            "hashes": [
                "sha256:03e47ad063331dd6a3f04a43eddca8a966a26ba0c5b7207a9a9e4e08f1b29419",
                "sha256:a6d58433de0ae800347cab1fa3043cebbabe8baa9d29e668f1c768cb87a333c6"
            ],
            "index": "pypi",
            "version": "==2.11.3"
        },
        "markupsafe": {
            "hashes": [
                "sha256:a6be69091dac236ea9c6bc7d012beab42010fa914c459791d627dad4910eb665"
            ],
            "index": "pypi",
            "version": "==1.0"
        },
        "monotonic": {
            "hashes": [
                "sha256:2b469e2d7dd403f7f7f79227fe5ad551ee1e76f8bb300ae935209884b93c7c1b",
                "sha256:a8c7690953546c6bc8a4f05d347718db50de1225b29f4b9f346c0c6f19bdc286"
            ],
            "index": "pypi",
            "version": "==1.3"
        },
        "protobuf": {
            "hashes": [
                "sha256:14fa1f2f608c2906f7a703fd59efd0a40b4ff853e7f113469a7611444de8de6d",
                "sha256:1cbcee2c45773f57cb6de7ee0eceb97f92b9b69c0178305509b162c0160c1f04",
                "sha256:3581f428907a75e56ac39868406e0fb13572642991c12ec1a05be9d70d3715b3",
                "sha256:7e140559de4e438261474b84548808d7a447c05f55524ca34ef6dbe7f1c3cf7c",
                "sha256:88b8799070cbb97a6aa1b26e1120d261152b8a0821fc9991b69e8e5f2c0bf378",
                "sha256:be78090d785974a1942eb3e7dac2d52fdf4bfc865b99bffe1ac0a2b6d5e86f8b"
            ],
            "index": "pypi",
            "version": "==3.3.0"
        },
        "pyasn1": {
            "hashes": [
                "sha256:90bd82e0db59d4319eaf01c2549b34c817d645275fce9ad41bac7429aa380690",
                "sha256:e9d2a79f135b77df387c579d7b0f591f12db943f7ca8250b509533d8898571fb"
            ],
            "index": "pypi",
            "version": "==0.3.2"
        },
        "pyasn1-modules": {
            "hashes": [
                "sha256:60d5c80bfee9b79b492d5d8a934b3ecfc523f2f83aaab4ffafa2bbb651d3c67a",
                "sha256:c5af54f68f754e0cfb2990c0c836df07afe5bd622bf5f33a4f60a49a4877764d"
            ],
            "index": "pypi",
            "version": "==0.0.11"
        },
        "requests": {
            "hashes": [
                "sha256:b62be4ec5999c24d10c98d248a136e7db20ca6616a2b65060cd9399417331e8a",
                "sha256:fb68a7baef4965c12d9cd67c0f5a46e6e28be3d8c7b6910c758fbcc99880b518"
            ],
            "index": "pypi",
            "version": "==2.18.3"
        },
        "rsa": {
            "hashes": [
                "sha256:25df4e10c263fb88b5ace923dd84bf9aa7f5019687b5e55382ffcdb8bede9db5",
                "sha256:43f682fea81c452c98d09fc316aae12de6d30c4b5c84226642cf8f8fd1c93abd"
            ],
            "index": "pypi",
            "version": "==3.4.2"
        },
        "six": {
            "hashes": [
                "sha256:30639c035cdb23534cd4aa2dd52c3bf48f06e5f4a941509c8bafd8ce11080259",
                "sha256:8b74bedcbbbaca38ff6d7491d76f2b06b3592611af620f8426e82dddb04a5ced"
            ],
            "version": "==1.15.0"
        },
        "slackclient": {
            "hashes": [
                "sha256:18427a00c83a85ebf81febbc52046f457b2f8c70fc3bbc5b87f4f289f6d67f55",
                "sha256:6d4c35076abdaa0bd676360868cb3b95139eeead41dc0648116d0a0d167bc4d5"
            ],
            "index": "pypi",
            "version": "==1.0.7"
        },
        "tenacity": {
            "hashes": [
                "sha256:9c5554b494dd8bae998dbffd7b8d1876e6b94de0c1df1ac51d0db25bb9f830b2"
            ],
            "index": "pypi",
            "version": "==4.4.0"
        },
        "urllib3": {
            "hashes": [
                "sha256:06330f386d6e4b195fbfc736b297f58c5a892e4440e54d294d7004e3a9bbea1b",
                "sha256:cc44da8e1145637334317feebd728bd869a35285b93cbb4cca2577da7e62db4f"
            ],
            "index": "pypi",
            "version": "==1.22"
        },
        "websocket-client": {
            "hashes": [
                "sha256:15f585566e2ea7459136a632b9785aa081093064391878a448c382415e948d72",
                "sha256:91222bb3a22ba989ac87eec9121655f295dcb746b6207c5576ffa549ab69302c"
            ],
            "index": "pypi",
            "version": "==0.44.0"
        },
        "werkzeug": {
            "hashes": [
                "sha256:903a7b87b74635244548b30d30db4c8947fe64c5198f58899ddcd3a13c23bb26",
                "sha256:e8549c143af3ce6559699a01e26fa4174f4c591dbee0a499f3cd4c3781cdec3d"
            ],
            "index": "pypi",
            "version": "==0.12.2"
        }
    },
    "develop": {}
}
